// !$*UTF8*$!
{
	archiveVersion = 1;
	classes = {
	};
	objectVersion = 46;
	objects = {

/* Begin PBXBuildFile section */
		05DA93901CDCF44800DEE384 /* ZDTask.m in Sources */ = {isa = PBXBuildFile; fileRef = 05DA938F1CDCF44800DEE384 /* ZDTask.m */; };
		6BCF7C59AEB3A3A99E6703C4 /* libPods-ZDSyncDemo.a in Frameworks */ = {isa = PBXBuildFile; fileRef = 7B4E89B1A53144A5E776514F /* libPods-ZDSyncDemo.a */; };
		BC5571AC1C51D04A00019326 /* ZDTableViewController.m in Sources */ = {isa = PBXBuildFile; fileRef = BC5571AB1C51D04A00019326 /* ZDTableViewController.m */; };
		BC5571AF1C51D10800019326 /* PromiseController.m in Sources */ = {isa = PBXBuildFile; fileRef = BC5571AE1C51D10800019326 /* PromiseController.m */; };
		BCAC9FA11B93555100822B5E /* main.m in Sources */ = {isa = PBXBuildFile; fileRef = BCAC9FA01B93555100822B5E /* main.m */; };
		BCAC9FA41B93555100822B5E /* AppDelegate.m in Sources */ = {isa = PBXBuildFile; fileRef = BCAC9FA31B93555100822B5E /* AppDelegate.m */; };
		BCAC9FA71B93555100822B5E /* BoltsController.m in Sources */ = {isa = PBXBuildFile; fileRef = BCAC9FA61B93555100822B5E /* BoltsController.m */; };
		BCAC9FAA1B93555100822B5E /* Main.storyboard in Resources */ = {isa = PBXBuildFile; fileRef = BCAC9FA81B93555100822B5E /* Main.storyboard */; };
		BCAC9FAC1B93555100822B5E /* Images.xcassets in Resources */ = {isa = PBXBuildFile; fileRef = BCAC9FAB1B93555100822B5E /* Images.xcassets */; };
		BCAC9FAF1B93555100822B5E /* LaunchScreen.xib in Resources */ = {isa = PBXBuildFile; fileRef = BCAC9FAD1B93555100822B5E /* LaunchScreen.xib */; };
		BCAC9FBB1B93555100822B5E /* BoltsDemoTests.m in Sources */ = {isa = PBXBuildFile; fileRef = BCAC9FBA1B93555100822B5E /* BoltsDemoTests.m */; };
		BCAC9FC71B9356C200822B5E /* ZAFNetWorkService.m in Sources */ = {isa = PBXBuildFile; fileRef = BCAC9FC61B9356C200822B5E /* ZAFNetWorkService.m */; };
		BCE4F9E41C5A10BF00BBDB03 /* OperationQueue.m in Sources */ = {isa = PBXBuildFile; fileRef = BCE4F9E31C5A10BF00BBDB03 /* OperationQueue.m */; };
		BCE4F9E71C5A10D100BBDB03 /* GCD.m in Sources */ = {isa = PBXBuildFile; fileRef = BCE4F9E61C5A10D100BBDB03 /* GCD.m */; };
/* End PBXBuildFile section */

/* Begin PBXContainerItemProxy section */
		BCAC9FB51B93555100822B5E /* PBXContainerItemProxy */ = {
			isa = PBXContainerItemProxy;
			containerPortal = BCAC9F931B93555100822B5E /* Project object */;
			proxyType = 1;
			remoteGlobalIDString = BCAC9F9A1B93555100822B5E;
			remoteInfo = BoltsDemo;
		};
/* End PBXContainerItemProxy section */

/* Begin PBXFileReference section */
		05DA938E1CDCF44800DEE384 /* ZDTask.h */ = {isa = PBXFileReference; fileEncoding = 4; lastKnownFileType = sourcecode.c.h; path = ZDTask.h; sourceTree = "<group>"; };
		05DA938F1CDCF44800DEE384 /* ZDTask.m */ = {isa = PBXFileReference; fileEncoding = 4; lastKnownFileType = sourcecode.c.objc; path = ZDTask.m; sourceTree = "<group>"; };
		75B7FCBD913712DAEC34136B /* Pods-ZDSyncDemo.release.xcconfig */ = {isa = PBXFileReference; includeInIndex = 1; lastKnownFileType = text.xcconfig; name = "Pods-ZDSyncDemo.release.xcconfig"; path = "Pods/Target Support Files/Pods-ZDSyncDemo/Pods-ZDSyncDemo.release.xcconfig"; sourceTree = "<group>"; };
		7B4E89B1A53144A5E776514F /* libPods-ZDSyncDemo.a */ = {isa = PBXFileReference; explicitFileType = archive.ar; includeInIndex = 0; path = "libPods-ZDSyncDemo.a"; sourceTree = BUILT_PRODUCTS_DIR; };
		BC5571AA1C51D04A00019326 /* ZDTableViewController.h */ = {isa = PBXFileReference; fileEncoding = 4; lastKnownFileType = sourcecode.c.h; path = ZDTableViewController.h; sourceTree = "<group>"; };
		BC5571AB1C51D04A00019326 /* ZDTableViewController.m */ = {isa = PBXFileReference; fileEncoding = 4; lastKnownFileType = sourcecode.c.objc; path = ZDTableViewController.m; sourceTree = "<group>"; };
		BC5571AD1C51D10800019326 /* PromiseController.h */ = {isa = PBXFileReference; fileEncoding = 4; lastKnownFileType = sourcecode.c.h; path = PromiseController.h; sourceTree = "<group>"; };
		BC5571AE1C51D10800019326 /* PromiseController.m */ = {isa = PBXFileReference; fileEncoding = 4; lastKnownFileType = sourcecode.c.objc; path = PromiseController.m; sourceTree = "<group>"; };
		BCAC9F9B1B93555100822B5E /* ZDSyncDemo.app */ = {isa = PBXFileReference; explicitFileType = wrapper.application; includeInIndex = 0; path = ZDSyncDemo.app; sourceTree = BUILT_PRODUCTS_DIR; };
		BCAC9F9F1B93555100822B5E /* Info.plist */ = {isa = PBXFileReference; lastKnownFileType = text.plist.xml; path = Info.plist; sourceTree = "<group>"; };
		BCAC9FA01B93555100822B5E /* main.m */ = {isa = PBXFileReference; lastKnownFileType = sourcecode.c.objc; path = main.m; sourceTree = "<group>"; };
		BCAC9FA21B93555100822B5E /* AppDelegate.h */ = {isa = PBXFileReference; lastKnownFileType = sourcecode.c.h; path = AppDelegate.h; sourceTree = "<group>"; };
		BCAC9FA31B93555100822B5E /* AppDelegate.m */ = {isa = PBXFileReference; lastKnownFileType = sourcecode.c.objc; path = AppDelegate.m; sourceTree = "<group>"; };
		BCAC9FA51B93555100822B5E /* BoltsController.h */ = {isa = PBXFileReference; lastKnownFileType = sourcecode.c.h; path = BoltsController.h; sourceTree = "<group>"; };
		BCAC9FA61B93555100822B5E /* BoltsController.m */ = {isa = PBXFileReference; lastKnownFileType = sourcecode.c.objc; path = BoltsController.m; sourceTree = "<group>"; };
		BCAC9FA91B93555100822B5E /* Base */ = {isa = PBXFileReference; lastKnownFileType = file.storyboard; name = Base; path = Base.lproj/Main.storyboard; sourceTree = "<group>"; };
		BCAC9FAB1B93555100822B5E /* Images.xcassets */ = {isa = PBXFileReference; lastKnownFileType = folder.assetcatalog; path = Images.xcassets; sourceTree = "<group>"; };
		BCAC9FAE1B93555100822B5E /* Base */ = {isa = PBXFileReference; lastKnownFileType = file.xib; name = Base; path = Base.lproj/LaunchScreen.xib; sourceTree = "<group>"; };
		BCAC9FB41B93555100822B5E /* ZDSyncDemo.xctest */ = {isa = PBXFileReference; explicitFileType = wrapper.cfbundle; includeInIndex = 0; path = ZDSyncDemo.xctest; sourceTree = BUILT_PRODUCTS_DIR; };
		BCAC9FB91B93555100822B5E /* Info.plist */ = {isa = PBXFileReference; lastKnownFileType = text.plist.xml; path = Info.plist; sourceTree = "<group>"; };
		BCAC9FBA1B93555100822B5E /* BoltsDemoTests.m */ = {isa = PBXFileReference; lastKnownFileType = sourcecode.c.objc; path = BoltsDemoTests.m; sourceTree = "<group>"; };
		BCAC9FC51B9356C200822B5E /* ZAFNetWorkService.h */ = {isa = PBXFileReference; fileEncoding = 4; lastKnownFileType = sourcecode.c.h; path = ZAFNetWorkService.h; sourceTree = "<group>"; };
		BCAC9FC61B9356C200822B5E /* ZAFNetWorkService.m */ = {isa = PBXFileReference; fileEncoding = 4; lastKnownFileType = sourcecode.c.objc; path = ZAFNetWorkService.m; sourceTree = "<group>"; };
		BCE4F9E21C5A10BF00BBDB03 /* OperationQueue.h */ = {isa = PBXFileReference; fileEncoding = 4; lastKnownFileType = sourcecode.c.h; path = OperationQueue.h; sourceTree = "<group>"; };
		BCE4F9E31C5A10BF00BBDB03 /* OperationQueue.m */ = {isa = PBXFileReference; fileEncoding = 4; lastKnownFileType = sourcecode.c.objc; path = OperationQueue.m; sourceTree = "<group>"; };
		BCE4F9E51C5A10D100BBDB03 /* GCD.h */ = {isa = PBXFileReference; fileEncoding = 4; lastKnownFileType = sourcecode.c.h; path = GCD.h; sourceTree = "<group>"; };
		BCE4F9E61C5A10D100BBDB03 /* GCD.m */ = {isa = PBXFileReference; fileEncoding = 4; lastKnownFileType = sourcecode.c.objc; path = GCD.m; sourceTree = "<group>"; };
		BCE4F9E81C5A130200BBDB03 /* ZDCommon.h */ = {isa = PBXFileReference; fileEncoding = 4; lastKnownFileType = sourcecode.c.h; path = ZDCommon.h; sourceTree = "<group>"; };
		F89F0378169984B0A47B89B2 /* Pods-ZDSyncDemo.debug.xcconfig */ = {isa = PBXFileReference; includeInIndex = 1; lastKnownFileType = text.xcconfig; name = "Pods-ZDSyncDemo.debug.xcconfig"; path = "Pods/Target Support Files/Pods-ZDSyncDemo/Pods-ZDSyncDemo.debug.xcconfig"; sourceTree = "<group>"; };
/* End PBXFileReference section */

/* Begin PBXFrameworksBuildPhase section */
		BCAC9F981B93555100822B5E /* Frameworks */ = {
			isa = PBXFrameworksBuildPhase;
			buildActionMask = 2147483647;
			files = (
				6BCF7C59AEB3A3A99E6703C4 /* libPods-ZDSyncDemo.a in Frameworks */,
			);
			runOnlyForDeploymentPostprocessing = 0;
		};
		BCAC9FB11B93555100822B5E /* Frameworks */ = {
			isa = PBXFrameworksBuildPhase;
			buildActionMask = 2147483647;
			files = (
			);
			runOnlyForDeploymentPostprocessing = 0;
		};
/* End PBXFrameworksBuildPhase section */

/* Begin PBXGroup section */
		6679F4A0DB72AC76B01C6EF9 /* Frameworks */ = {
			isa = PBXGroup;
			children = (
				7B4E89B1A53144A5E776514F /* libPods-ZDSyncDemo.a */,
			);
			name = Frameworks;
			sourceTree = "<group>";
		};
		67CB40CF4FE9F244B9E2A1ED /* Pods */ = {
			isa = PBXGroup;
			children = (
				F89F0378169984B0A47B89B2 /* Pods-ZDSyncDemo.debug.xcconfig */,
				75B7FCBD913712DAEC34136B /* Pods-ZDSyncDemo.release.xcconfig */,
			);
			name = Pods;
			sourceTree = "<group>";
		};
		BCAC9F921B93555100822B5E = {
			isa = PBXGroup;
			children = (
				BCAC9FC41B9356C200822B5E /* ZAFNetWorkService */,
				BCAC9F9D1B93555100822B5E /* SyncDemo */,
				BCAC9FB71B93555100822B5E /* ZDSyncDemoTests */,
				BCAC9F9C1B93555100822B5E /* Products */,
				67CB40CF4FE9F244B9E2A1ED /* Pods */,
				6679F4A0DB72AC76B01C6EF9 /* Frameworks */,
			);
			sourceTree = "<group>";
		};
		BCAC9F9C1B93555100822B5E /* Products */ = {
			isa = PBXGroup;
			children = (
				BCAC9F9B1B93555100822B5E /* ZDSyncDemo.app */,
				BCAC9FB41B93555100822B5E /* ZDSyncDemo.xctest */,
			);
			name = Products;
			sourceTree = "<group>";
		};
		BCAC9F9D1B93555100822B5E /* SyncDemo */ = {
			isa = PBXGroup;
			children = (
				BCAC9F9E1B93555100822B5E /* Supporting Files */,
				BCE4F9E91C5A206600BBDB03 /* ViewController */,
				BCAC9FA21B93555100822B5E /* AppDelegate.h */,
				BCAC9FA31B93555100822B5E /* AppDelegate.m */,
				BCAC9FAB1B93555100822B5E /* Images.xcassets */,
				BCAC9FAD1B93555100822B5E /* LaunchScreen.xib */,
				BCAC9FA81B93555100822B5E /* Main.storyboard */,
				BCE4F9E81C5A130200BBDB03 /* ZDCommon.h */,
			);
			path = SyncDemo;
			sourceTree = "<group>";
		};
		BCAC9F9E1B93555100822B5E /* Supporting Files */ = {
			isa = PBXGroup;
			children = (
				BCAC9F9F1B93555100822B5E /* Info.plist */,
				BCAC9FA01B93555100822B5E /* main.m */,
			);
			path = "Supporting Files";
			sourceTree = "<group>";
		};
		BCAC9FB71B93555100822B5E /* ZDSyncDemoTests */ = {
			isa = PBXGroup;
			children = (
				BCAC9FB81B93555100822B5E /* Supporting Files */,
				BCAC9FBA1B93555100822B5E /* BoltsDemoTests.m */,
			);
			name = ZDSyncDemoTests;
			path = BoltsDemoTests;
			sourceTree = "<group>";
		};
		BCAC9FB81B93555100822B5E /* Supporting Files */ = {
			isa = PBXGroup;
			children = (
				BCAC9FB91B93555100822B5E /* Info.plist */,
			);
			path = "Supporting Files";
			sourceTree = "<group>";
		};
		BCAC9FC41B9356C200822B5E /* ZAFNetWorkService */ = {
			isa = PBXGroup;
			children = (
				BCAC9FC51B9356C200822B5E /* ZAFNetWorkService.h */,
				BCAC9FC61B9356C200822B5E /* ZAFNetWorkService.m */,
			);
			path = ZAFNetWorkService;
			sourceTree = "<group>";
		};
		BCE4F9E91C5A206600BBDB03 /* ViewController */ = {
			isa = PBXGroup;
			children = (
				BCAC9FA51B93555100822B5E /* BoltsController.h */,
				BCAC9FA61B93555100822B5E /* BoltsController.m */,
				BCE4F9E51C5A10D100BBDB03 /* GCD.h */,
				BCE4F9E61C5A10D100BBDB03 /* GCD.m */,
				BCE4F9E21C5A10BF00BBDB03 /* OperationQueue.h */,
				BCE4F9E31C5A10BF00BBDB03 /* OperationQueue.m */,
				BC5571AD1C51D10800019326 /* PromiseController.h */,
				BC5571AE1C51D10800019326 /* PromiseController.m */,
				05DA938E1CDCF44800DEE384 /* ZDTask.h */,
				05DA938F1CDCF44800DEE384 /* ZDTask.m */,
				BC5571AA1C51D04A00019326 /* ZDTableViewController.h */,
				BC5571AB1C51D04A00019326 /* ZDTableViewController.m */,
			);
			path = ViewController;
			sourceTree = "<group>";
		};
/* End PBXGroup section */

/* Begin PBXNativeTarget section */
		BCAC9F9A1B93555100822B5E /* ZDSyncDemo */ = {
			isa = PBXNativeTarget;
			buildConfigurationList = BCAC9FBE1B93555100822B5E /* Build configuration list for PBXNativeTarget "ZDSyncDemo" */;
			buildPhases = (
				7E90B608AF10473B3354A380 /* [CP] Check Pods Manifest.lock */,
				BCAC9F971B93555100822B5E /* Sources */,
				BCAC9F981B93555100822B5E /* Frameworks */,
				BCAC9F991B93555100822B5E /* Resources */,
				E9B88C341557445451B90CC9 /* [CP] Embed Pods Frameworks */,
				5167DDC4A9FD10190F23458C /* [CP] Copy Pods Resources */,
			);
			buildRules = (
			);
			dependencies = (
			);
			name = ZDSyncDemo;
			productName = BoltsDemo;
			productReference = BCAC9F9B1B93555100822B5E /* ZDSyncDemo.app */;
			productType = "com.apple.product-type.application";
		};
		BCAC9FB31B93555100822B5E /* ZDSyncDemoTests */ = {
			isa = PBXNativeTarget;
			buildConfigurationList = BCAC9FC11B93555100822B5E /* Build configuration list for PBXNativeTarget "ZDSyncDemoTests" */;
			buildPhases = (
				BCAC9FB01B93555100822B5E /* Sources */,
				BCAC9FB11B93555100822B5E /* Frameworks */,
				BCAC9FB21B93555100822B5E /* Resources */,
			);
			buildRules = (
			);
			dependencies = (
				BCAC9FB61B93555100822B5E /* PBXTargetDependency */,
			);
			name = ZDSyncDemoTests;
			productName = BoltsDemoTests;
			productReference = BCAC9FB41B93555100822B5E /* ZDSyncDemo.xctest */;
			productType = "com.apple.product-type.bundle.unit-test";
		};
/* End PBXNativeTarget section */

/* Begin PBXProject section */
		BCAC9F931B93555100822B5E /* Project object */ = {
			isa = PBXProject;
			attributes = {
				CLASSPREFIX = ZD;
				LastUpgradeCheck = 0640;
				ORGANIZATIONNAME = ZD;
				TargetAttributes = {
					BCAC9F9A1B93555100822B5E = {
						CreatedOnToolsVersion = 6.4;
					};
					BCAC9FB31B93555100822B5E = {
						CreatedOnToolsVersion = 6.4;
						TestTargetID = BCAC9F9A1B93555100822B5E;
					};
				};
			};
			buildConfigurationList = BCAC9F961B93555100822B5E /* Build configuration list for PBXProject "ZDSyncDemo" */;
			compatibilityVersion = "Xcode 3.2";
			developmentRegion = English;
			hasScannedForEncodings = 0;
			knownRegions = (
				en,
				Base,
			);
			mainGroup = BCAC9F921B93555100822B5E;
			productRefGroup = BCAC9F9C1B93555100822B5E /* Products */;
			projectDirPath = "";
			projectRoot = "";
			targets = (
				BCAC9F9A1B93555100822B5E /* ZDSyncDemo */,
				BCAC9FB31B93555100822B5E /* ZDSyncDemoTests */,
			);
		};
/* End PBXProject section */

/* Begin PBXResourcesBuildPhase section */
		BCAC9F991B93555100822B5E /* Resources */ = {
			isa = PBXResourcesBuildPhase;
			buildActionMask = 2147483647;
			files = (
				BCAC9FAA1B93555100822B5E /* Main.storyboard in Resources */,
				BCAC9FAF1B93555100822B5E /* LaunchScreen.xib in Resources */,
				BCAC9FAC1B93555100822B5E /* Images.xcassets in Resources */,
			);
			runOnlyForDeploymentPostprocessing = 0;
		};
		BCAC9FB21B93555100822B5E /* Resources */ = {
			isa = PBXResourcesBuildPhase;
			buildActionMask = 2147483647;
			files = (
			);
			runOnlyForDeploymentPostprocessing = 0;
		};
/* End PBXResourcesBuildPhase section */

/* Begin PBXShellScriptBuildPhase section */
		5167DDC4A9FD10190F23458C /* [CP] Copy Pods Resources */ = {
			isa = PBXShellScriptBuildPhase;
			buildActionMask = 2147483647;
			files = (
			);
			inputPaths = (
			);
			name = "[CP] Copy Pods Resources";
			outputPaths = (
			);
			runOnlyForDeploymentPostprocessing = 0;
			shellPath = /bin/sh;
			shellScript = "\"${SRCROOT}/Pods/Target Support Files/Pods-ZDSyncDemo/Pods-ZDSyncDemo-resources.sh\"\n";
			showEnvVarsInLog = 0;
		};
		7E90B608AF10473B3354A380 /* [CP] Check Pods Manifest.lock */ = {
			isa = PBXShellScriptBuildPhase;
			buildActionMask = 2147483647;
			files = (
			);
			inputPaths = (
			);
			name = "[CP] Check Pods Manifest.lock";
			outputPaths = (
			);
			runOnlyForDeploymentPostprocessing = 0;
			shellPath = /bin/sh;
			shellScript = "diff \"${PODS_ROOT}/../Podfile.lock\" \"${PODS_ROOT}/Manifest.lock\" > /dev/null\nif [[ $? != 0 ]] ; then\n    cat << EOM\nerror: The sandbox is not in sync with the Podfile.lock. Run 'pod install' or update your CocoaPods installation.\nEOM\n    exit 1\nfi\n";
			showEnvVarsInLog = 0;
		};
		E9B88C341557445451B90CC9 /* [CP] Embed Pods Frameworks */ = {
			isa = PBXShellScriptBuildPhase;
			buildActionMask = 2147483647;
			files = (
			);
			inputPaths = (
			);
			name = "[CP] Embed Pods Frameworks";
			outputPaths = (
			);
			runOnlyForDeploymentPostprocessing = 0;
			shellPath = /bin/sh;
			shellScript = "\"${SRCROOT}/Pods/Target Support Files/Pods-ZDSyncDemo/Pods-ZDSyncDemo-frameworks.sh\"\n";
			showEnvVarsInLog = 0;
		};
/* End PBXShellScriptBuildPhase section */

/* Begin PBXSourcesBuildPhase section */
		BCAC9F971B93555100822B5E /* Sources */ = {
			isa = PBXSourcesBuildPhase;
			buildActionMask = 2147483647;
			files = (
				BCAC9FA71B93555100822B5E /* BoltsController.m in Sources */,
				BC5571AF1C51D10800019326 /* PromiseController.m in Sources */,
				BCAC9FA41B93555100822B5E /* AppDelegate.m in Sources */,
				BCE4F9E41C5A10BF00BBDB03 /* OperationQueue.m in Sources */,
				BC5571AC1C51D04A00019326 /* ZDTableViewController.m in Sources */,
				BCAC9FC71B9356C200822B5E /* ZAFNetWorkService.m in Sources */,
				BCE4F9E71C5A10D100BBDB03 /* GCD.m in Sources */,
				05DA93901CDCF44800DEE384 /* ZDTask.m in Sources */,
				BCAC9FA11B93555100822B5E /* main.m in Sources */,
			);
			runOnlyForDeploymentPostprocessing = 0;
		};
		BCAC9FB01B93555100822B5E /* Sources */ = {
			isa = PBXSourcesBuildPhase;
			buildActionMask = 2147483647;
			files = (
				BCAC9FBB1B93555100822B5E /* BoltsDemoTests.m in Sources */,
			);
			runOnlyForDeploymentPostprocessing = 0;
		};
/* End PBXSourcesBuildPhase section */

/* Begin PBXTargetDependency section */
		BCAC9FB61B93555100822B5E /* PBXTargetDependency */ = {
			isa = PBXTargetDependency;
			target = BCAC9F9A1B93555100822B5E /* ZDSyncDemo */;
			targetProxy = BCAC9FB51B93555100822B5E /* PBXContainerItemProxy */;
		};
/* End PBXTargetDependency section */

/* Begin PBXVariantGroup section */
		BCAC9FA81B93555100822B5E /* Main.storyboard */ = {
			isa = PBXVariantGroup;
			children = (
				BCAC9FA91B93555100822B5E /* Base */,
			);
			name = Main.storyboard;
			path = .;
			sourceTree = "<group>";
		};
		BCAC9FAD1B93555100822B5E /* LaunchScreen.xib */ = {
			isa = PBXVariantGroup;
			children = (
				BCAC9FAE1B93555100822B5E /* Base */,
			);
			name = LaunchScreen.xib;
			path = .;
			sourceTree = "<group>";
		};
/* End PBXVariantGroup section */

/* Begin XCBuildConfiguration section */
		BCAC9FBC1B93555100822B5E /* Debug */ = {
			isa = XCBuildConfiguration;
			buildSettings = {
				ALWAYS_SEARCH_USER_PATHS = NO;
				CLANG_CXX_LANGUAGE_STANDARD = "gnu++0x";
				CLANG_CXX_LIBRARY = "libc++";
				CLANG_ENABLE_MODULES = YES;
				CLANG_ENABLE_OBJC_ARC = YES;
				CLANG_WARN_BOOL_CONVERSION = YES;
				CLANG_WARN_CONSTANT_CONVERSION = YES;
				CLANG_WARN_DIRECT_OBJC_ISA_USAGE = YES_ERROR;
				CLANG_WARN_EMPTY_BODY = YES;
				CLANG_WARN_ENUM_CONVERSION = YES;
				CLANG_WARN_INT_CONVERSION = YES;
				CLANG_WARN_OBJC_ROOT_CLASS = YES_ERROR;
				CLANG_WARN_UNREACHABLE_CODE = YES;
				CLANG_WARN__DUPLICATE_METHOD_MATCH = YES;
				"CODE_SIGN_IDENTITY[sdk=iphoneos*]" = "iPhone Developer";
				COPY_PHASE_STRIP = NO;
				DEBUG_INFORMATION_FORMAT = "dwarf-with-dsym";
				ENABLE_STRICT_OBJC_MSGSEND = YES;
				GCC_C_LANGUAGE_STANDARD = gnu99;
				GCC_DYNAMIC_NO_PIC = NO;
				GCC_NO_COMMON_BLOCKS = YES;
				GCC_OPTIMIZATION_LEVEL = 0;
				GCC_PREPROCESSOR_DEFINITIONS = (
					"DEBUG=1",
					"$(inherited)",
				);
				GCC_SYMBOLS_PRIVATE_EXTERN = NO;
				GCC_WARN_64_TO_32_BIT_CONVERSION = YES;
				GCC_WARN_ABOUT_RETURN_TYPE = YES_ERROR;
				GCC_WARN_UNDECLARED_SELECTOR = YES;
				GCC_WARN_UNINITIALIZED_AUTOS = YES_AGGRESSIVE;
				GCC_WARN_UNUSED_FUNCTION = YES;
				GCC_WARN_UNUSED_VARIABLE = YES;
				IPHONEOS_DEPLOYMENT_TARGET = 8.4;
				MTL_ENABLE_DEBUG_INFO = YES;
				ONLY_ACTIVE_ARCH = YES;
				SDKROOT = iphoneos;
				TARGETED_DEVICE_FAMILY = "1,2";
			};
			name = Debug;
		};
		BCAC9FBD1B93555100822B5E /* Release */ = {
			isa = XCBuildConfiguration;
			buildSettings = {
				ALWAYS_SEARCH_USER_PATHS = NO;
				CLANG_CXX_LANGUAGE_STANDARD = "gnu++0x";
				CLANG_CXX_LIBRARY = "libc++";
				CLANG_ENABLE_MODULES = YES;
				CLANG_ENABLE_OBJC_ARC = YES;
				CLANG_WARN_BOOL_CONVERSION = YES;
				CLANG_WARN_CONSTANT_CONVERSION = YES;
				CLANG_WARN_DIRECT_OBJC_ISA_USAGE = YES_ERROR;
				CLANG_WARN_EMPTY_BODY = YES;
				CLANG_WARN_ENUM_CONVERSION = YES;
				CLANG_WARN_INT_CONVERSION = YES;
				CLANG_WARN_OBJC_ROOT_CLASS = YES_ERROR;
				CLANG_WARN_UNREACHABLE_CODE = YES;
				CLANG_WARN__DUPLICATE_METHOD_MATCH = YES;
				"CODE_SIGN_IDENTITY[sdk=iphoneos*]" = "iPhone Developer";
				COPY_PHASE_STRIP = NO;
				DEBUG_INFORMATION_FORMAT = "dwarf-with-dsym";
				ENABLE_NS_ASSERTIONS = NO;
				ENABLE_STRICT_OBJC_MSGSEND = YES;
				GCC_C_LANGUAGE_STANDARD = gnu99;
				GCC_NO_COMMON_BLOCKS = YES;
				GCC_WARN_64_TO_32_BIT_CONVERSION = YES;
				GCC_WARN_ABOUT_RETURN_TYPE = YES_ERROR;
				GCC_WARN_UNDECLARED_SELECTOR = YES;
				GCC_WARN_UNINITIALIZED_AUTOS = YES_AGGRESSIVE;
				GCC_WARN_UNUSED_FUNCTION = YES;
				GCC_WARN_UNUSED_VARIABLE = YES;
				IPHONEOS_DEPLOYMENT_TARGET = 8.4;
				MTL_ENABLE_DEBUG_INFO = NO;
				SDKROOT = iphoneos;
				TARGETED_DEVICE_FAMILY = "1,2";
				VALIDATE_PRODUCT = YES;
			};
			name = Release;
		};
		BCAC9FBF1B93555100822B5E /* Debug */ = {
			isa = XCBuildConfiguration;
			baseConfigurationReference = F89F0378169984B0A47B89B2 /* Pods-ZDSyncDemo.debug.xcconfig */;
			buildSettings = {
				ASSETCATALOG_COMPILER_APPICON_NAME = AppIcon;
				INFOPLIST_FILE = "SyncDemo/Supporting Files/Info.plist";
				IPHONEOS_DEPLOYMENT_TARGET = 8.0;
				LD_RUNPATH_SEARCH_PATHS = "$(inherited) @executable_path/Frameworks";
				PRODUCT_NAME = ZDSyncDemo;
			};
			name = Debug;
		};
		BCAC9FC01B93555100822B5E /* Release */ = {
			isa = XCBuildConfiguration;
			baseConfigurationReference = 75B7FCBD913712DAEC34136B /* Pods-ZDSyncDemo.release.xcconfig */;
			buildSettings = {
				ASSETCATALOG_COMPILER_APPICON_NAME = AppIcon;
				INFOPLIST_FILE = "SyncDemo/Supporting Files/Info.plist";
				IPHONEOS_DEPLOYMENT_TARGET = 8.0;
				LD_RUNPATH_SEARCH_PATHS = "$(inherited) @executable_path/Frameworks";
				PRODUCT_NAME = ZDSyncDemo;
			};
			name = Release;
		};
		BCAC9FC21B93555100822B5E /* Debug */ = {
			isa = XCBuildConfiguration;
			buildSettings = {
				BUNDLE_LOADER = "$(TEST_HOST)";
				FRAMEWORK_SEARCH_PATHS = (
					"$(SDKROOT)/Developer/Library/Frameworks",
					"$(inherited)",
				);
				GCC_PREPROCESSOR_DEFINITIONS = (
					"DEBUG=1",
					"$(inherited)",
				);
				INFOPLIST_FILE = "BoltsDemoTests/Supporting Files/Info.plist";
				LD_RUNPATH_SEARCH_PATHS = "$(inherited) @executable_path/Frameworks @loader_path/Frameworks";
				PRODUCT_NAME = ZDSyncDemo;
				TEST_HOST = "$(BUILT_PRODUCTS_DIR)/ZDSyncDemo.app/ZDSyncDemo";
			};
			name = Debug;
		};
		BCAC9FC31B93555100822B5E /* Release */ = {
			isa = XCBuildConfiguration;
			buildSettings = {
				BUNDLE_LOADER = "$(TEST_HOST)";
				FRAMEWORK_SEARCH_PATHS = (
					"$(SDKROOT)/Developer/Library/Frameworks",
					"$(inherited)",
				);
				INFOPLIST_FILE = "BoltsDemoTests/Supporting Files/Info.plist";
				LD_RUNPATH_SEARCH_PATHS = "$(inherited) @executable_path/Frameworks @loader_path/Frameworks";
				PRODUCT_NAME = ZDSyncDemo;
				TEST_HOST = "$(BUILT_PRODUCTS_DIR)/ZDSyncDemo.app/ZDSyncDemo";
			};
			name = Release;
		};
/* End XCBuildConfiguration section */

/* Begin XCConfigurationList section */
		BCAC9F961B93555100822B5E /* Build configuration list for PBXProject "ZDSyncDemo" */ = {
			isa = XCConfigurationList;
			buildConfigurations = (
				BCAC9FBC1B93555100822B5E /* Debug */,
				BCAC9FBD1B93555100822B5E /* Release */,
			);
			defaultConfigurationIsVisible = 0;
			defaultConfigurationName = Release;
		};
		BCAC9FBE1B93555100822B5E /* Build configuration list for PBXNativeTarget "ZDSyncDemo" */ = {
			isa = XCConfigurationList;
			buildConfigurations = (
				BCAC9FBF1B93555100822B5E /* Debug */,
				BCAC9FC01B93555100822B5E /* Release */,
			);
			defaultConfigurationIsVisible = 0;
			defaultConfigurationName = Release;
		};
		BCAC9FC11B93555100822B5E /* Build configuration list for PBXNativeTarget "ZDSyncDemoTests" */ = {
			isa = XCConfigurationList;
			buildConfigurations = (
				BCAC9FC21B93555100822B5E /* Debug */,
				BCAC9FC31B93555100822B5E /* Release */,
			);
			defaultConfigurationIsVisible = 0;
			defaultConfigurationName = Release;
		};
/* End XCConfigurationList section */
	};
	rootObject = BCAC9F931B93555100822B5E /* Project object */;
}
