// !$*UTF8*$!
{
	archiveVersion = 1;
	classes = {
	};
	objectVersion = 46;
	objects = {

/* Begin PBXBuildFile section */
		057F095E1D45BA9900B8532F /* RACDemo.m in Sources */ = {isa = PBXBuildFile; fileRef = 057F095D1D45BA9900B8532F /* RACDemo.m */; };
		109C0F2BB922F4658281A45A /* libPods-ZDSyncDemoTests.a in Frameworks */ = {isa = PBXBuildFile; fileRef = 8EAF51C14179BC74C2471A40 /* libPods-ZDSyncDemoTests.a */; };
		6BCF7C59AEB3A3A99E6703C4 /* libPods-ZDSyncDemo.a in Frameworks */ = {isa = PBXBuildFile; fileRef = 7B4E89B1A53144A5E776514F /* libPods-ZDSyncDemo.a */; };
		BC5571AC1C51D04A00019326 /* ZDTableViewController.m in Sources */ = {isa = PBXBuildFile; fileRef = BC5571AB1C51D04A00019326 /* ZDTableViewController.m */; };
		BC5571AF1C51D10800019326 /* PromiseKitDemo.m in Sources */ = {isa = PBXBuildFile; fileRef = BC5571AE1C51D10800019326 /* PromiseKitDemo.m */; };
		BC75F9CE1D47205200C25BB7 /* RunLoopDemo.m in Sources */ = {isa = PBXBuildFile; fileRef = BC75F9CD1D47205200C25BB7 /* RunLoopDemo.m */; };
		BCAC9FA11B93555100822B5E /* main.m in Sources */ = {isa = PBXBuildFile; fileRef = BCAC9FA01B93555100822B5E /* main.m */; };
		BCAC9FA41B93555100822B5E /* AppDelegate.m in Sources */ = {isa = PBXBuildFile; fileRef = BCAC9FA31B93555100822B5E /* AppDelegate.m */; };
		BCAC9FA71B93555100822B5E /* BoltsDemo.m in Sources */ = {isa = PBXBuildFile; fileRef = BCAC9FA61B93555100822B5E /* BoltsDemo.m */; };
		BCAC9FAA1B93555100822B5E /* Main.storyboard in Resources */ = {isa = PBXBuildFile; fileRef = BCAC9FA81B93555100822B5E /* Main.storyboard */; };
		BCAC9FAC1B93555100822B5E /* Images.xcassets in Resources */ = {isa = PBXBuildFile; fileRef = BCAC9FAB1B93555100822B5E /* Images.xcassets */; };
		BCAC9FAF1B93555100822B5E /* LaunchScreen.xib in Resources */ = {isa = PBXBuildFile; fileRef = BCAC9FAD1B93555100822B5E /* LaunchScreen.xib */; };
		BCAC9FC71B9356C200822B5E /* ZAFNetWorkService.m in Sources */ = {isa = PBXBuildFile; fileRef = BCAC9FC61B9356C200822B5E /* ZAFNetWorkService.m */; };
		BCC64A5A1D632FB000E95FB6 /* SemaphoreDemo.m in Sources */ = {isa = PBXBuildFile; fileRef = BCC64A591D632FB000E95FB6 /* SemaphoreDemo.m */; };
		BCE4F9E41C5A10BF00BBDB03 /* OperationQueue.m in Sources */ = {isa = PBXBuildFile; fileRef = BCE4F9E31C5A10BF00BBDB03 /* OperationQueue.m */; };
		BCE4F9E71C5A10D100BBDB03 /* GCDGroupDemo.m in Sources */ = {isa = PBXBuildFile; fileRef = BCE4F9E61C5A10D100BBDB03 /* GCDGroupDemo.m */; };
		DA2BA9851FD253D100F97F03 /* OperationDemo.m in Sources */ = {isa = PBXBuildFile; fileRef = DA2BA9841FD253D100F97F03 /* OperationDemo.m */; };
		DA33CE3F2286DDC800B05CCF /* ZDSerialOperation.m in Sources */ = {isa = PBXBuildFile; fileRef = DA33CE3E2286DDC800B05CCF /* ZDSerialOperation.m */; };
		DA6C9D2F1F1320AD004EBA44 /* PthreadJoinDemo.m in Sources */ = {isa = PBXBuildFile; fileRef = DA6C9D2E1F1320AD004EBA44 /* PthreadJoinDemo.m */; };
		FA0B042C20B01C6300A73683 /* GCDSourceDataAddDemo.m in Sources */ = {isa = PBXBuildFile; fileRef = FA0B042B20B01C6300A73683 /* GCDSourceDataAddDemo.m */; };
		FA1AA0BD20F74AB800903E13 /* DispatchBlockDemo.m in Sources */ = {isa = PBXBuildFile; fileRef = FA1AA0BC20F74AB800903E13 /* DispatchBlockDemo.m */; };
		FA2EFEE22092CFC2008BE6F3 /* PromisesObjCDemo.m in Sources */ = {isa = PBXBuildFile; fileRef = FA2EFEE12092CFC2008BE6F3 /* PromisesObjCDemo.m */; };
		FA2EFEE520930851008BE6F3 /* XCTest.framework in Frameworks */ = {isa = PBXBuildFile; fileRef = FA2EFEE420930851008BE6F3 /* XCTest.framework */; settings = {ATTRIBUTES = (Weak, ); }; };
		FA394AC4233B484300221EC3 /* ZDRunloop.m in Sources */ = {isa = PBXBuildFile; fileRef = FA394AC3233B484300221EC3 /* ZDRunloop.m */; };
		FA52F9EA26954E5100AC03A0 /* ConditionLockDemo.m in Sources */ = {isa = PBXBuildFile; fileRef = FA52F9E926954E5100AC03A0 /* ConditionLockDemo.m */; };
		FACB0260207B1A1C0092E1EB /* Info.plist in Resources */ = {isa = PBXBuildFile; fileRef = FACB025E207B1A1C0092E1EB /* Info.plist */; };
		FACB0261207B1A1C0092E1EB /* ZDSyncDemoTests.m in Sources */ = {isa = PBXBuildFile; fileRef = FACB025F207B1A1C0092E1EB /* ZDSyncDemoTests.m */; };
/* End PBXBuildFile section */

/* Begin PBXContainerItemProxy section */
		BCAC9FB51B93555100822B5E /* PBXContainerItemProxy */ = {
			isa = PBXContainerItemProxy;
			containerPortal = BCAC9F931B93555100822B5E /* Project object */;
			proxyType = 1;
			remoteGlobalIDString = BCAC9F9A1B93555100822B5E;
			remoteInfo = BoltsDemo;
		};
/* End PBXContainerItemProxy section */

/* Begin PBXFileReference section */
		057F095C1D45BA9900B8532F /* RACDemo.h */ = {isa = PBXFileReference; fileEncoding = 4; lastKnownFileType = sourcecode.c.h; path = RACDemo.h; sourceTree = "<group>"; };
		057F095D1D45BA9900B8532F /* RACDemo.m */ = {isa = PBXFileReference; fileEncoding = 4; lastKnownFileType = sourcecode.c.objc; path = RACDemo.m; sourceTree = "<group>"; };
		424658AB6641BB59012758AE /* Pods-ZDSyncDemoTests.release.xcconfig */ = {isa = PBXFileReference; includeInIndex = 1; lastKnownFileType = text.xcconfig; name = "Pods-ZDSyncDemoTests.release.xcconfig"; path = "Pods/Target Support Files/Pods-ZDSyncDemoTests/Pods-ZDSyncDemoTests.release.xcconfig"; sourceTree = "<group>"; };
		75B7FCBD913712DAEC34136B /* Pods-ZDSyncDemo.release.xcconfig */ = {isa = PBXFileReference; includeInIndex = 1; lastKnownFileType = text.xcconfig; name = "Pods-ZDSyncDemo.release.xcconfig"; path = "Pods/Target Support Files/Pods-ZDSyncDemo/Pods-ZDSyncDemo.release.xcconfig"; sourceTree = "<group>"; };
		7B4E89B1A53144A5E776514F /* libPods-ZDSyncDemo.a */ = {isa = PBXFileReference; explicitFileType = archive.ar; includeInIndex = 0; path = "libPods-ZDSyncDemo.a"; sourceTree = BUILT_PRODUCTS_DIR; };
		8EAF51C14179BC74C2471A40 /* libPods-ZDSyncDemoTests.a */ = {isa = PBXFileReference; explicitFileType = archive.ar; includeInIndex = 0; path = "libPods-ZDSyncDemoTests.a"; sourceTree = BUILT_PRODUCTS_DIR; };
		97CF280BB2BCEE42D3158B18 /* Pods-ZDSyncDemoTests.debug.xcconfig */ = {isa = PBXFileReference; includeInIndex = 1; lastKnownFileType = text.xcconfig; name = "Pods-ZDSyncDemoTests.debug.xcconfig"; path = "Pods/Target Support Files/Pods-ZDSyncDemoTests/Pods-ZDSyncDemoTests.debug.xcconfig"; sourceTree = "<group>"; };
		BC5571AA1C51D04A00019326 /* ZDTableViewController.h */ = {isa = PBXFileReference; fileEncoding = 4; lastKnownFileType = sourcecode.c.h; path = ZDTableViewController.h; sourceTree = "<group>"; };
		BC5571AB1C51D04A00019326 /* ZDTableViewController.m */ = {isa = PBXFileReference; fileEncoding = 4; lastKnownFileType = sourcecode.c.objc; path = ZDTableViewController.m; sourceTree = "<group>"; };
		BC5571AD1C51D10800019326 /* PromiseKitDemo.h */ = {isa = PBXFileReference; fileEncoding = 4; lastKnownFileType = sourcecode.c.h; path = PromiseKitDemo.h; sourceTree = "<group>"; };
		BC5571AE1C51D10800019326 /* PromiseKitDemo.m */ = {isa = PBXFileReference; fileEncoding = 4; lastKnownFileType = sourcecode.c.objc; path = PromiseKitDemo.m; sourceTree = "<group>"; };
		BC75F9CC1D47205200C25BB7 /* RunLoopDemo.h */ = {isa = PBXFileReference; fileEncoding = 4; lastKnownFileType = sourcecode.c.h; path = RunLoopDemo.h; sourceTree = "<group>"; };
		BC75F9CD1D47205200C25BB7 /* RunLoopDemo.m */ = {isa = PBXFileReference; fileEncoding = 4; lastKnownFileType = sourcecode.c.objc; path = RunLoopDemo.m; sourceTree = "<group>"; };
		BCAC9F9B1B93555100822B5E /* ZDSyncDemo.app */ = {isa = PBXFileReference; explicitFileType = wrapper.application; includeInIndex = 0; path = ZDSyncDemo.app; sourceTree = BUILT_PRODUCTS_DIR; };
		BCAC9F9F1B93555100822B5E /* Info.plist */ = {isa = PBXFileReference; lastKnownFileType = text.plist.xml; path = Info.plist; sourceTree = "<group>"; };
		BCAC9FA01B93555100822B5E /* main.m */ = {isa = PBXFileReference; lastKnownFileType = sourcecode.c.objc; path = main.m; sourceTree = "<group>"; };
		BCAC9FA21B93555100822B5E /* AppDelegate.h */ = {isa = PBXFileReference; lastKnownFileType = sourcecode.c.h; path = AppDelegate.h; sourceTree = "<group>"; };
		BCAC9FA31B93555100822B5E /* AppDelegate.m */ = {isa = PBXFileReference; lastKnownFileType = sourcecode.c.objc; path = AppDelegate.m; sourceTree = "<group>"; };
		BCAC9FA51B93555100822B5E /* BoltsDemo.h */ = {isa = PBXFileReference; lastKnownFileType = sourcecode.c.h; path = BoltsDemo.h; sourceTree = "<group>"; };
		BCAC9FA61B93555100822B5E /* BoltsDemo.m */ = {isa = PBXFileReference; lastKnownFileType = sourcecode.c.objc; path = BoltsDemo.m; sourceTree = "<group>"; };
		BCAC9FA91B93555100822B5E /* Base */ = {isa = PBXFileReference; lastKnownFileType = file.storyboard; name = Base; path = Base.lproj/Main.storyboard; sourceTree = "<group>"; };
		BCAC9FAB1B93555100822B5E /* Images.xcassets */ = {isa = PBXFileReference; lastKnownFileType = folder.assetcatalog; path = Images.xcassets; sourceTree = "<group>"; };
		BCAC9FAE1B93555100822B5E /* Base */ = {isa = PBXFileReference; lastKnownFileType = file.xib; name = Base; path = Base.lproj/LaunchScreen.xib; sourceTree = "<group>"; };
		BCAC9FB41B93555100822B5E /* ZDSyncDemo.xctest */ = {isa = PBXFileReference; explicitFileType = wrapper.cfbundle; includeInIndex = 0; path = ZDSyncDemo.xctest; sourceTree = BUILT_PRODUCTS_DIR; };
		BCAC9FC51B9356C200822B5E /* ZAFNetWorkService.h */ = {isa = PBXFileReference; fileEncoding = 4; lastKnownFileType = sourcecode.c.h; path = ZAFNetWorkService.h; sourceTree = "<group>"; };
		BCAC9FC61B9356C200822B5E /* ZAFNetWorkService.m */ = {isa = PBXFileReference; fileEncoding = 4; lastKnownFileType = sourcecode.c.objc; path = ZAFNetWorkService.m; sourceTree = "<group>"; };
		BCC64A581D632FB000E95FB6 /* SemaphoreDemo.h */ = {isa = PBXFileReference; fileEncoding = 4; lastKnownFileType = sourcecode.c.h; path = SemaphoreDemo.h; sourceTree = "<group>"; };
		BCC64A591D632FB000E95FB6 /* SemaphoreDemo.m */ = {isa = PBXFileReference; fileEncoding = 4; lastKnownFileType = sourcecode.c.objc; path = SemaphoreDemo.m; sourceTree = "<group>"; };
		BCE4F9E21C5A10BF00BBDB03 /* OperationQueue.h */ = {isa = PBXFileReference; fileEncoding = 4; lastKnownFileType = sourcecode.c.h; path = OperationQueue.h; sourceTree = "<group>"; };
		BCE4F9E31C5A10BF00BBDB03 /* OperationQueue.m */ = {isa = PBXFileReference; fileEncoding = 4; lastKnownFileType = sourcecode.c.objc; path = OperationQueue.m; sourceTree = "<group>"; };
		BCE4F9E51C5A10D100BBDB03 /* GCDGroupDemo.h */ = {isa = PBXFileReference; fileEncoding = 4; lastKnownFileType = sourcecode.c.h; path = GCDGroupDemo.h; sourceTree = "<group>"; };
		BCE4F9E61C5A10D100BBDB03 /* GCDGroupDemo.m */ = {isa = PBXFileReference; fileEncoding = 4; lastKnownFileType = sourcecode.c.objc; path = GCDGroupDemo.m; sourceTree = "<group>"; };
		BCE4F9E81C5A130200BBDB03 /* ZDCommon.h */ = {isa = PBXFileReference; fileEncoding = 4; lastKnownFileType = sourcecode.c.h; path = ZDCommon.h; sourceTree = "<group>"; };
		DA2BA9831FD253D100F97F03 /* OperationDemo.h */ = {isa = PBXFileReference; lastKnownFileType = sourcecode.c.h; path = OperationDemo.h; sourceTree = "<group>"; };
		DA2BA9841FD253D100F97F03 /* OperationDemo.m */ = {isa = PBXFileReference; lastKnownFileType = sourcecode.c.objc; path = OperationDemo.m; sourceTree = "<group>"; };
		DA33CE3D2286DDC800B05CCF /* ZDSerialOperation.h */ = {isa = PBXFileReference; fileEncoding = 4; lastKnownFileType = sourcecode.c.h; path = ZDSerialOperation.h; sourceTree = "<group>"; };
		DA33CE3E2286DDC800B05CCF /* ZDSerialOperation.m */ = {isa = PBXFileReference; fileEncoding = 4; lastKnownFileType = sourcecode.c.objc; path = ZDSerialOperation.m; sourceTree = "<group>"; };
		DA6C9D2D1F1320AD004EBA44 /* PthreadJoinDemo.h */ = {isa = PBXFileReference; fileEncoding = 4; lastKnownFileType = sourcecode.c.h; path = PthreadJoinDemo.h; sourceTree = "<group>"; };
		DA6C9D2E1F1320AD004EBA44 /* PthreadJoinDemo.m */ = {isa = PBXFileReference; fileEncoding = 4; lastKnownFileType = sourcecode.c.objc; path = PthreadJoinDemo.m; sourceTree = "<group>"; };
		F89F0378169984B0A47B89B2 /* Pods-ZDSyncDemo.debug.xcconfig */ = {isa = PBXFileReference; includeInIndex = 1; lastKnownFileType = text.xcconfig; name = "Pods-ZDSyncDemo.debug.xcconfig"; path = "Pods/Target Support Files/Pods-ZDSyncDemo/Pods-ZDSyncDemo.debug.xcconfig"; sourceTree = "<group>"; };
		FA0B042A20B01C6300A73683 /* GCDSourceDataAddDemo.h */ = {isa = PBXFileReference; lastKnownFileType = sourcecode.c.h; path = GCDSourceDataAddDemo.h; sourceTree = "<group>"; };
		FA0B042B20B01C6300A73683 /* GCDSourceDataAddDemo.m */ = {isa = PBXFileReference; lastKnownFileType = sourcecode.c.objc; path = GCDSourceDataAddDemo.m; sourceTree = "<group>"; };
		FA1AA0BB20F74AB800903E13 /* DispatchBlockDemo.h */ = {isa = PBXFileReference; lastKnownFileType = sourcecode.c.h; path = DispatchBlockDemo.h; sourceTree = "<group>"; };
		FA1AA0BC20F74AB800903E13 /* DispatchBlockDemo.m */ = {isa = PBXFileReference; lastKnownFileType = sourcecode.c.objc; path = DispatchBlockDemo.m; sourceTree = "<group>"; };
		FA2EFEE02092CFC2008BE6F3 /* PromisesObjCDemo.h */ = {isa = PBXFileReference; lastKnownFileType = sourcecode.c.h; path = PromisesObjCDemo.h; sourceTree = "<group>"; };
		FA2EFEE12092CFC2008BE6F3 /* PromisesObjCDemo.m */ = {isa = PBXFileReference; lastKnownFileType = sourcecode.c.objc; path = PromisesObjCDemo.m; sourceTree = "<group>"; };
		FA2EFEE420930851008BE6F3 /* XCTest.framework */ = {isa = PBXFileReference; lastKnownFileType = wrapper.framework; name = XCTest.framework; path = Platforms/iPhoneOS.platform/Developer/Library/Frameworks/XCTest.framework; sourceTree = DEVELOPER_DIR; };
		FA394AC2233B484300221EC3 /* ZDRunloop.h */ = {isa = PBXFileReference; lastKnownFileType = sourcecode.c.h; path = ZDRunloop.h; sourceTree = "<group>"; };
		FA394AC3233B484300221EC3 /* ZDRunloop.m */ = {isa = PBXFileReference; lastKnownFileType = sourcecode.c.objc; path = ZDRunloop.m; sourceTree = "<group>"; };
		FA52F9E826954E5100AC03A0 /* ConditionLockDemo.h */ = {isa = PBXFileReference; lastKnownFileType = sourcecode.c.h; path = ConditionLockDemo.h; sourceTree = "<group>"; };
		FA52F9E926954E5100AC03A0 /* ConditionLockDemo.m */ = {isa = PBXFileReference; lastKnownFileType = sourcecode.c.objc; path = ConditionLockDemo.m; sourceTree = "<group>"; };
		FACB025E207B1A1C0092E1EB /* Info.plist */ = {isa = PBXFileReference; fileEncoding = 4; lastKnownFileType = text.plist.xml; path = Info.plist; sourceTree = "<group>"; };
		FACB025F207B1A1C0092E1EB /* ZDSyncDemoTests.m */ = {isa = PBXFileReference; fileEncoding = 4; lastKnownFileType = sourcecode.c.objc; path = ZDSyncDemoTests.m; sourceTree = "<group>"; };
/* End PBXFileReference section */

/* Begin PBXFrameworksBuildPhase section */
		BCAC9F981B93555100822B5E /* Frameworks */ = {
			isa = PBXFrameworksBuildPhase;
			buildActionMask = 2147483647;
			files = (
				FA2EFEE520930851008BE6F3 /* XCTest.framework in Frameworks */,
				6BCF7C59AEB3A3A99E6703C4 /* libPods-ZDSyncDemo.a in Frameworks */,
			);
			runOnlyForDeploymentPostprocessing = 0;
		};
		BCAC9FB11B93555100822B5E /* Frameworks */ = {
			isa = PBXFrameworksBuildPhase;
			buildActionMask = 2147483647;
			files = (
				109C0F2BB922F4658281A45A /* libPods-ZDSyncDemoTests.a in Frameworks */,
			);
			runOnlyForDeploymentPostprocessing = 0;
		};
/* End PBXFrameworksBuildPhase section */

/* Begin PBXGroup section */
		6679F4A0DB72AC76B01C6EF9 /* Frameworks */ = {
			isa = PBXGroup;
			children = (
				FA2EFEE420930851008BE6F3 /* XCTest.framework */,
				7B4E89B1A53144A5E776514F /* libPods-ZDSyncDemo.a */,
				8EAF51C14179BC74C2471A40 /* libPods-ZDSyncDemoTests.a */,
			);
			name = Frameworks;
			sourceTree = "<group>";
		};
		67CB40CF4FE9F244B9E2A1ED /* Pods */ = {
			isa = PBXGroup;
			children = (
				F89F0378169984B0A47B89B2 /* Pods-ZDSyncDemo.debug.xcconfig */,
				75B7FCBD913712DAEC34136B /* Pods-ZDSyncDemo.release.xcconfig */,
				97CF280BB2BCEE42D3158B18 /* Pods-ZDSyncDemoTests.debug.xcconfig */,
				424658AB6641BB59012758AE /* Pods-ZDSyncDemoTests.release.xcconfig */,
			);
			name = Pods;
			sourceTree = "<group>";
		};
		BCAC9F921B93555100822B5E = {
			isa = PBXGroup;
			children = (
				BCAC9FC41B9356C200822B5E /* ZAFNetWorkService */,
				BCAC9F9D1B93555100822B5E /* SyncDemo */,
				FACB025C207B1A1C0092E1EB /* ZDSyncDemoTests */,
				BCAC9F9C1B93555100822B5E /* Products */,
				67CB40CF4FE9F244B9E2A1ED /* Pods */,
				6679F4A0DB72AC76B01C6EF9 /* Frameworks */,
			);
			sourceTree = "<group>";
		};
		BCAC9F9C1B93555100822B5E /* Products */ = {
			isa = PBXGroup;
			children = (
				BCAC9F9B1B93555100822B5E /* ZDSyncDemo.app */,
				BCAC9FB41B93555100822B5E /* ZDSyncDemo.xctest */,
			);
			name = Products;
			sourceTree = "<group>";
		};
		BCAC9F9D1B93555100822B5E /* SyncDemo */ = {
			isa = PBXGroup;
			children = (
				BCAC9FA21B93555100822B5E /* AppDelegate.h */,
				BCAC9FA31B93555100822B5E /* AppDelegate.m */,
				BCE4F9E81C5A130200BBDB03 /* ZDCommon.h */,
				DA33CE3C2286DDB600B05CCF /* Utility */,
				BCE4F9E91C5A206600BBDB03 /* ViewController */,
				BCAC9FAB1B93555100822B5E /* Images.xcassets */,
				BCAC9FAD1B93555100822B5E /* LaunchScreen.xib */,
				BCAC9FA81B93555100822B5E /* Main.storyboard */,
				BCAC9F9E1B93555100822B5E /* Supporting Files */,
			);
			path = SyncDemo;
			sourceTree = "<group>";
		};
		BCAC9F9E1B93555100822B5E /* Supporting Files */ = {
			isa = PBXGroup;
			children = (
				BCAC9F9F1B93555100822B5E /* Info.plist */,
				BCAC9FA01B93555100822B5E /* main.m */,
			);
			path = "Supporting Files";
			sourceTree = "<group>";
		};
		BCAC9FC41B9356C200822B5E /* ZAFNetWorkService */ = {
			isa = PBXGroup;
			children = (
				BCAC9FC51B9356C200822B5E /* ZAFNetWorkService.h */,
				BCAC9FC61B9356C200822B5E /* ZAFNetWorkService.m */,
			);
			path = ZAFNetWorkService;
			sourceTree = "<group>";
		};
		BCE4F9E91C5A206600BBDB03 /* ViewController */ = {
			isa = PBXGroup;
			children = (
				BC5571AA1C51D04A00019326 /* ZDTableViewController.h */,
				BC5571AB1C51D04A00019326 /* ZDTableViewController.m */,
				BCAC9FA51B93555100822B5E /* BoltsDemo.h */,
				BCAC9FA61B93555100822B5E /* BoltsDemo.m */,
				BC5571AD1C51D10800019326 /* PromiseKitDemo.h */,
				BC5571AE1C51D10800019326 /* PromiseKitDemo.m */,
				FA2EFEE02092CFC2008BE6F3 /* PromisesObjCDemo.h */,
				FA2EFEE12092CFC2008BE6F3 /* PromisesObjCDemo.m */,
				057F095C1D45BA9900B8532F /* RACDemo.h */,
				057F095D1D45BA9900B8532F /* RACDemo.m */,
				BCE4F9E51C5A10D100BBDB03 /* GCDGroupDemo.h */,
				BCE4F9E61C5A10D100BBDB03 /* GCDGroupDemo.m */,
				DA2BA9831FD253D100F97F03 /* OperationDemo.h */,
				DA2BA9841FD253D100F97F03 /* OperationDemo.m */,
				BCE4F9E21C5A10BF00BBDB03 /* OperationQueue.h */,
				BCE4F9E31C5A10BF00BBDB03 /* OperationQueue.m */,
				BCC64A581D632FB000E95FB6 /* SemaphoreDemo.h */,
				BCC64A591D632FB000E95FB6 /* SemaphoreDemo.m */,
				FA1AA0BB20F74AB800903E13 /* DispatchBlockDemo.h */,
				FA1AA0BC20F74AB800903E13 /* DispatchBlockDemo.m */,
				BC75F9CC1D47205200C25BB7 /* RunLoopDemo.h */,
				BC75F9CD1D47205200C25BB7 /* RunLoopDemo.m */,
				DA6C9D2D1F1320AD004EBA44 /* PthreadJoinDemo.h */,
				DA6C9D2E1F1320AD004EBA44 /* PthreadJoinDemo.m */,
				FA52F9E826954E5100AC03A0 /* ConditionLockDemo.h */,
				FA52F9E926954E5100AC03A0 /* ConditionLockDemo.m */,
				FA0B042A20B01C6300A73683 /* GCDSourceDataAddDemo.h */,
				FA0B042B20B01C6300A73683 /* GCDSourceDataAddDemo.m */,
			);
			path = ViewController;
			sourceTree = "<group>";
		};
		DA33CE3C2286DDB600B05CCF /* Utility */ = {
			isa = PBXGroup;
			children = (
				DA33CE3D2286DDC800B05CCF /* ZDSerialOperation.h */,
				DA33CE3E2286DDC800B05CCF /* ZDSerialOperation.m */,
				FA394AC2233B484300221EC3 /* ZDRunloop.h */,
				FA394AC3233B484300221EC3 /* ZDRunloop.m */,
			);
			path = Utility;
			sourceTree = "<group>";
		};
		FACB025C207B1A1C0092E1EB /* ZDSyncDemoTests */ = {
			isa = PBXGroup;
			children = (
				FACB025D207B1A1C0092E1EB /* Supporting Files */,
				FACB025F207B1A1C0092E1EB /* ZDSyncDemoTests.m */,
			);
			path = ZDSyncDemoTests;
			sourceTree = "<group>";
		};
		FACB025D207B1A1C0092E1EB /* Supporting Files */ = {
			isa = PBXGroup;
			children = (
				FACB025E207B1A1C0092E1EB /* Info.plist */,
			);
			path = "Supporting Files";
			sourceTree = "<group>";
		};
/* End PBXGroup section */

/* Begin PBXNativeTarget section */
		BCAC9F9A1B93555100822B5E /* ZDSyncDemo */ = {
			isa = PBXNativeTarget;
			buildConfigurationList = BCAC9FBE1B93555100822B5E /* Build configuration list for PBXNativeTarget "ZDSyncDemo" */;
			buildPhases = (
				7E90B608AF10473B3354A380 /* [CP] Check Pods Manifest.lock */,
				BCAC9F971B93555100822B5E /* Sources */,
				BCAC9F981B93555100822B5E /* Frameworks */,
				BCAC9F991B93555100822B5E /* Resources */,
			);
			buildRules = (
			);
			dependencies = (
			);
			name = ZDSyncDemo;
			productName = BoltsDemo;
			productReference = BCAC9F9B1B93555100822B5E /* ZDSyncDemo.app */;
			productType = "com.apple.product-type.application";
		};
		BCAC9FB31B93555100822B5E /* ZDSyncDemoTests */ = {
			isa = PBXNativeTarget;
			buildConfigurationList = BCAC9FC11B93555100822B5E /* Build configuration list for PBXNativeTarget "ZDSyncDemoTests" */;
			buildPhases = (
				A9770D6AA2B0A6E5A1FDF6B5 /* [CP] Check Pods Manifest.lock */,
				BCAC9FB01B93555100822B5E /* Sources */,
				BCAC9FB11B93555100822B5E /* Frameworks */,
				BCAC9FB21B93555100822B5E /* Resources */,
			);
			buildRules = (
			);
			dependencies = (
				BCAC9FB61B93555100822B5E /* PBXTargetDependency */,
			);
			name = ZDSyncDemoTests;
			productName = BoltsDemoTests;
			productReference = BCAC9FB41B93555100822B5E /* ZDSyncDemo.xctest */;
			productType = "com.apple.product-type.bundle.unit-test";
		};
/* End PBXNativeTarget section */

/* Begin PBXProject section */
		BCAC9F931B93555100822B5E /* Project object */ = {
			isa = PBXProject;
			attributes = {
				CLASSPREFIX = ZD;
				LastUpgradeCheck = 0900;
				ORGANIZATIONNAME = ZD;
				TargetAttributes = {
					BCAC9F9A1B93555100822B5E = {
						CreatedOnToolsVersion = 6.4;
						DevelopmentTeam = 36NX5886GJ;
					};
					BCAC9FB31B93555100822B5E = {
						CreatedOnToolsVersion = 6.4;
						DevelopmentTeam = 36NX5886GJ;
						TestTargetID = BCAC9F9A1B93555100822B5E;
					};
				};
			};
			buildConfigurationList = BCAC9F961B93555100822B5E /* Build configuration list for PBXProject "ZDSyncDemo" */;
			compatibilityVersion = "Xcode 3.2";
			developmentRegion = English;
			hasScannedForEncodings = 0;
			knownRegions = (
				English,
				en,
				Base,
			);
			mainGroup = BCAC9F921B93555100822B5E;
			productRefGroup = BCAC9F9C1B93555100822B5E /* Products */;
			projectDirPath = "";
			projectRoot = "";
			targets = (
				BCAC9F9A1B93555100822B5E /* ZDSyncDemo */,
				BCAC9FB31B93555100822B5E /* ZDSyncDemoTests */,
			);
		};
/* End PBXProject section */

/* Begin PBXResourcesBuildPhase section */
		BCAC9F991B93555100822B5E /* Resources */ = {
			isa = PBXResourcesBuildPhase;
			buildActionMask = 2147483647;
			files = (
				FACB0260207B1A1C0092E1EB /* Info.plist in Resources */,
				BCAC9FAA1B93555100822B5E /* Main.storyboard in Resources */,
				BCAC9FAF1B93555100822B5E /* LaunchScreen.xib in Resources */,
				BCAC9FAC1B93555100822B5E /* Images.xcassets in Resources */,
			);
			runOnlyForDeploymentPostprocessing = 0;
		};
		BCAC9FB21B93555100822B5E /* Resources */ = {
			isa = PBXResourcesBuildPhase;
			buildActionMask = 2147483647;
			files = (
			);
			runOnlyForDeploymentPostprocessing = 0;
		};
/* End PBXResourcesBuildPhase section */

/* Begin PBXShellScriptBuildPhase section */
		7E90B608AF10473B3354A380 /* [CP] Check Pods Manifest.lock */ = {
			isa = PBXShellScriptBuildPhase;
			buildActionMask = 2147483647;
			files = (
			);
			inputPaths = (
				"${PODS_PODFILE_DIR_PATH}/Podfile.lock",
				"${PODS_ROOT}/Manifest.lock",
			);
			name = "[CP] Check Pods Manifest.lock";
			outputPaths = (
				"$(DERIVED_FILE_DIR)/Pods-ZDSyncDemo-checkManifestLockResult.txt",
			);
			runOnlyForDeploymentPostprocessing = 0;
			shellPath = /bin/sh;
			shellScript = "diff \"${PODS_PODFILE_DIR_PATH}/Podfile.lock\" \"${PODS_ROOT}/Manifest.lock\" > /dev/null\nif [ $? != 0 ] ; then\n    # print error to STDERR\n    echo \"error: The sandbox is not in sync with the Podfile.lock. Run 'pod install' or update your CocoaPods installation.\" >&2\n    exit 1\nfi\n# This output is used by Xcode 'outputs' to avoid re-running this script phase.\necho \"SUCCESS\" > \"${SCRIPT_OUTPUT_FILE_0}\"\n";
			showEnvVarsInLog = 0;
		};
		A9770D6AA2B0A6E5A1FDF6B5 /* [CP] Check Pods Manifest.lock */ = {
			isa = PBXShellScriptBuildPhase;
			buildActionMask = 2147483647;
			files = (
			);
			inputPaths = (
				"${PODS_PODFILE_DIR_PATH}/Podfile.lock",
				"${PODS_ROOT}/Manifest.lock",
			);
			name = "[CP] Check Pods Manifest.lock";
			outputPaths = (
				"$(DERIVED_FILE_DIR)/Pods-ZDSyncDemoTests-checkManifestLockResult.txt",
			);
			runOnlyForDeploymentPostprocessing = 0;
			shellPath = /bin/sh;
			shellScript = "diff \"${PODS_PODFILE_DIR_PATH}/Podfile.lock\" \"${PODS_ROOT}/Manifest.lock\" > /dev/null\nif [ $? != 0 ] ; then\n    # print error to STDERR\n    echo \"error: The sandbox is not in sync with the Podfile.lock. Run 'pod install' or update your CocoaPods installation.\" >&2\n    exit 1\nfi\n# This output is used by Xcode 'outputs' to avoid re-running this script phase.\necho \"SUCCESS\" > \"${SCRIPT_OUTPUT_FILE_0}\"\n";
			showEnvVarsInLog = 0;
		};
/* End PBXShellScriptBuildPhase section */

/* Begin PBXSourcesBuildPhase section */
		BCAC9F971B93555100822B5E /* Sources */ = {
			isa = PBXSourcesBuildPhase;
			buildActionMask = 2147483647;
			files = (
				DA6C9D2F1F1320AD004EBA44 /* PthreadJoinDemo.m in Sources */,
				BCAC9FA71B93555100822B5E /* BoltsDemo.m in Sources */,
				FACB0261207B1A1C0092E1EB /* ZDSyncDemoTests.m in Sources */,
				FA1AA0BD20F74AB800903E13 /* DispatchBlockDemo.m in Sources */,
				BC5571AF1C51D10800019326 /* PromiseKitDemo.m in Sources */,
				DA33CE3F2286DDC800B05CCF /* ZDSerialOperation.m in Sources */,
				BCAC9FA41B93555100822B5E /* AppDelegate.m in Sources */,
				BC75F9CE1D47205200C25BB7 /* RunLoopDemo.m in Sources */,
				057F095E1D45BA9900B8532F /* RACDemo.m in Sources */,
				BCE4F9E41C5A10BF00BBDB03 /* OperationQueue.m in Sources */,
				FA0B042C20B01C6300A73683 /* GCDSourceDataAddDemo.m in Sources */,
				BC5571AC1C51D04A00019326 /* ZDTableViewController.m in Sources */,
				BCAC9FC71B9356C200822B5E /* ZAFNetWorkService.m in Sources */,
				FA394AC4233B484300221EC3 /* ZDRunloop.m in Sources */,
				BCE4F9E71C5A10D100BBDB03 /* GCDGroupDemo.m in Sources */,
				FA2EFEE22092CFC2008BE6F3 /* PromisesObjCDemo.m in Sources */,
				BCAC9FA11B93555100822B5E /* main.m in Sources */,
				DA2BA9851FD253D100F97F03 /* OperationDemo.m in Sources */,
				BCC64A5A1D632FB000E95FB6 /* SemaphoreDemo.m in Sources */,
				FA52F9EA26954E5100AC03A0 /* ConditionLockDemo.m in Sources */,
			);
			runOnlyForDeploymentPostprocessing = 0;
		};
		BCAC9FB01B93555100822B5E /* Sources */ = {
			isa = PBXSourcesBuildPhase;
			buildActionMask = 2147483647;
			files = (
			);
			runOnlyForDeploymentPostprocessing = 0;
		};
/* End PBXSourcesBuildPhase section */

/* Begin PBXTargetDependency section */
		BCAC9FB61B93555100822B5E /* PBXTargetDependency */ = {
			isa = PBXTargetDependency;
			target = BCAC9F9A1B93555100822B5E /* ZDSyncDemo */;
			targetProxy = BCAC9FB51B93555100822B5E /* PBXContainerItemProxy */;
		};
/* End PBXTargetDependency section */

/* Begin PBXVariantGroup section */
		BCAC9FA81B93555100822B5E /* Main.storyboard */ = {
			isa = PBXVariantGroup;
			children = (
				BCAC9FA91B93555100822B5E /* Base */,
			);
			name = Main.storyboard;
			path = .;
			sourceTree = "<group>";
		};
		BCAC9FAD1B93555100822B5E /* LaunchScreen.xib */ = {
			isa = PBXVariantGroup;
			children = (
				BCAC9FAE1B93555100822B5E /* Base */,
			);
			name = LaunchScreen.xib;
			path = .;
			sourceTree = "<group>";
		};
/* End PBXVariantGroup section */

/* Begin XCBuildConfiguration section */
		BCAC9FBC1B93555100822B5E /* Debug */ = {
			isa = XCBuildConfiguration;
			buildSettings = {
				ALWAYS_SEARCH_USER_PATHS = NO;
				CLANG_CXX_LANGUAGE_STANDARD = "gnu++0x";
				CLANG_CXX_LIBRARY = "libc++";
				CLANG_ENABLE_MODULES = YES;
				CLANG_ENABLE_OBJC_ARC = YES;
				CLANG_WARN_BLOCK_CAPTURE_AUTORELEASING = YES;
				CLANG_WARN_BOOL_CONVERSION = YES;
				CLANG_WARN_COMMA = YES;
				CLANG_WARN_CONSTANT_CONVERSION = YES;
				CLANG_WARN_DIRECT_OBJC_ISA_USAGE = YES_ERROR;
				CLANG_WARN_EMPTY_BODY = YES;
				CLANG_WARN_ENUM_CONVERSION = YES;
				CLANG_WARN_INFINITE_RECURSION = YES;
				CLANG_WARN_INT_CONVERSION = YES;
				CLANG_WARN_NON_LITERAL_NULL_CONVERSION = YES;
				CLANG_WARN_OBJC_LITERAL_CONVERSION = YES;
				CLANG_WARN_OBJC_ROOT_CLASS = YES_ERROR;
				CLANG_WARN_RANGE_LOOP_ANALYSIS = YES;
				CLANG_WARN_STRICT_PROTOTYPES = YES;
				CLANG_WARN_SUSPICIOUS_MOVE = YES;
				CLANG_WARN_UNREACHABLE_CODE = YES;
				CLANG_WARN__DUPLICATE_METHOD_MATCH = YES;
				"CODE_SIGN_IDENTITY[sdk=iphoneos*]" = "iPhone Developer";
				COPY_PHASE_STRIP = NO;
				DEBUG_INFORMATION_FORMAT = "dwarf-with-dsym";
				ENABLE_STRICT_OBJC_MSGSEND = YES;
				ENABLE_TESTABILITY = YES;
				GCC_C_LANGUAGE_STANDARD = gnu99;
				GCC_DYNAMIC_NO_PIC = NO;
				GCC_NO_COMMON_BLOCKS = YES;
				GCC_OPTIMIZATION_LEVEL = 0;
				GCC_PREPROCESSOR_DEFINITIONS = (
					"DEBUG=1",
					"$(inherited)",
				);
				GCC_SYMBOLS_PRIVATE_EXTERN = NO;
				GCC_WARN_64_TO_32_BIT_CONVERSION = YES;
				GCC_WARN_ABOUT_RETURN_TYPE = YES_ERROR;
				GCC_WARN_UNDECLARED_SELECTOR = YES;
				GCC_WARN_UNINITIALIZED_AUTOS = YES_AGGRESSIVE;
				GCC_WARN_UNUSED_FUNCTION = YES;
				GCC_WARN_UNUSED_VARIABLE = YES;
				IPHONEOS_DEPLOYMENT_TARGET = 8.0;
				MTL_ENABLE_DEBUG_INFO = YES;
				ONLY_ACTIVE_ARCH = YES;
				SDKROOT = iphoneos;
				TARGETED_DEVICE_FAMILY = "1,2";
			};
			name = Debug;
		};
		BCAC9FBD1B93555100822B5E /* Release */ = {
			isa = XCBuildConfiguration;
			buildSettings = {
				ALWAYS_SEARCH_USER_PATHS = NO;
				CLANG_CXX_LANGUAGE_STANDARD = "gnu++0x";
				CLANG_CXX_LIBRARY = "libc++";
				CLANG_ENABLE_MODULES = YES;
				CLANG_ENABLE_OBJC_ARC = YES;
				CLANG_WARN_BLOCK_CAPTURE_AUTORELEASING = YES;
				CLANG_WARN_BOOL_CONVERSION = YES;
				CLANG_WARN_COMMA = YES;
				CLANG_WARN_CONSTANT_CONVERSION = YES;
				CLANG_WARN_DIRECT_OBJC_ISA_USAGE = YES_ERROR;
				CLANG_WARN_EMPTY_BODY = YES;
				CLANG_WARN_ENUM_CONVERSION = YES;
				CLANG_WARN_INFINITE_RECURSION = YES;
				CLANG_WARN_INT_CONVERSION = YES;
				CLANG_WARN_NON_LITERAL_NULL_CONVERSION = YES;
				CLANG_WARN_OBJC_LITERAL_CONVERSION = YES;
				CLANG_WARN_OBJC_ROOT_CLASS = YES_ERROR;
				CLANG_WARN_RANGE_LOOP_ANALYSIS = YES;
				CLANG_WARN_STRICT_PROTOTYPES = YES;
				CLANG_WARN_SUSPICIOUS_MOVE = YES;
				CLANG_WARN_UNREACHABLE_CODE = YES;
				CLANG_WARN__DUPLICATE_METHOD_MATCH = YES;
				"CODE_SIGN_IDENTITY[sdk=iphoneos*]" = "iPhone Developer";
				COPY_PHASE_STRIP = NO;
				DEBUG_INFORMATION_FORMAT = "dwarf-with-dsym";
				ENABLE_NS_ASSERTIONS = NO;
				ENABLE_STRICT_OBJC_MSGSEND = YES;
				GCC_C_LANGUAGE_STANDARD = gnu99;
				GCC_NO_COMMON_BLOCKS = YES;
				GCC_WARN_64_TO_32_BIT_CONVERSION = YES;
				GCC_WARN_ABOUT_RETURN_TYPE = YES_ERROR;
				GCC_WARN_UNDECLARED_SELECTOR = YES;
				GCC_WARN_UNINITIALIZED_AUTOS = YES_AGGRESSIVE;
				GCC_WARN_UNUSED_FUNCTION = YES;
				GCC_WARN_UNUSED_VARIABLE = YES;
				IPHONEOS_DEPLOYMENT_TARGET = 8.0;
				MTL_ENABLE_DEBUG_INFO = NO;
				SDKROOT = iphoneos;
				TARGETED_DEVICE_FAMILY = "1,2";
				VALIDATE_PRODUCT = YES;
			};
			name = Release;
		};
		BCAC9FBF1B93555100822B5E /* Debug */ = {
			isa = XCBuildConfiguration;
			baseConfigurationReference = F89F0378169984B0A47B89B2 /* Pods-ZDSyncDemo.debug.xcconfig */;
			buildSettings = {
				ASSETCATALOG_COMPILER_APPICON_NAME = AppIcon;
				DEVELOPMENT_TEAM = 36NX5886GJ;
				FRAMEWORK_SEARCH_PATHS = "$(PLATFORM_DIR)/Developer/Library/Frameworks";
				INFOPLIST_FILE = "SyncDemo/Supporting Files/Info.plist";
				IPHONEOS_DEPLOYMENT_TARGET = 8.0;
				LD_RUNPATH_SEARCH_PATHS = "$(inherited) @executable_path/Frameworks";
				PRODUCT_BUNDLE_IDENTIFIER = "com.zd.$(PRODUCT_NAME:rfc1034identifier)";
				PRODUCT_NAME = ZDSyncDemo;
			};
			name = Debug;
		};
		BCAC9FC01B93555100822B5E /* Release */ = {
			isa = XCBuildConfiguration;
			baseConfigurationReference = 75B7FCBD913712DAEC34136B /* Pods-ZDSyncDemo.release.xcconfig */;
			buildSettings = {
				ASSETCATALOG_COMPILER_APPICON_NAME = AppIcon;
				DEVELOPMENT_TEAM = 36NX5886GJ;
				FRAMEWORK_SEARCH_PATHS = "$(PLATFORM_DIR)/Developer/Library/Frameworks";
				INFOPLIST_FILE = "SyncDemo/Supporting Files/Info.plist";
				IPHONEOS_DEPLOYMENT_TARGET = 8.0;
				LD_RUNPATH_SEARCH_PATHS = "$(inherited) @executable_path/Frameworks";
				PRODUCT_BUNDLE_IDENTIFIER = "com.zd.$(PRODUCT_NAME:rfc1034identifier)";
				PRODUCT_NAME = ZDSyncDemo;
			};
			name = Release;
		};
		BCAC9FC21B93555100822B5E /* Debug */ = {
			isa = XCBuildConfiguration;
			baseConfigurationReference = 97CF280BB2BCEE42D3158B18 /* Pods-ZDSyncDemoTests.debug.xcconfig */;
			buildSettings = {
				BUNDLE_LOADER = "$(TEST_HOST)";
				DEVELOPMENT_TEAM = 36NX5886GJ;
				FRAMEWORK_SEARCH_PATHS = (
					"$(SDKROOT)/Developer/Library/Frameworks",
					"$(inherited)",
				);
				GCC_PREPROCESSOR_DEFINITIONS = (
					"DEBUG=1",
					"$(inherited)",
				);
				INFOPLIST_FILE = "BoltsDemoTests/Supporting Files/Info.plist";
				LD_RUNPATH_SEARCH_PATHS = "$(inherited) @executable_path/Frameworks @loader_path/Frameworks";
				PRODUCT_BUNDLE_IDENTIFIER = "com.zd.$(PRODUCT_NAME:rfc1034identifier)";
				PRODUCT_NAME = ZDSyncDemo;
				TEST_HOST = "$(BUILT_PRODUCTS_DIR)/ZDSyncDemo.app/ZDSyncDemo";
			};
			name = Debug;
		};
		BCAC9FC31B93555100822B5E /* Release */ = {
			isa = XCBuildConfiguration;
			baseConfigurationReference = 424658AB6641BB59012758AE /* Pods-ZDSyncDemoTests.release.xcconfig */;
			buildSettings = {
				BUNDLE_LOADER = "$(TEST_HOST)";
				DEVELOPMENT_TEAM = 36NX5886GJ;
				FRAMEWORK_SEARCH_PATHS = (
					"$(SDKROOT)/Developer/Library/Frameworks",
					"$(inherited)",
				);
				INFOPLIST_FILE = "BoltsDemoTests/Supporting Files/Info.plist";
				LD_RUNPATH_SEARCH_PATHS = "$(inherited) @executable_path/Frameworks @loader_path/Frameworks";
				PRODUCT_BUNDLE_IDENTIFIER = "com.zd.$(PRODUCT_NAME:rfc1034identifier)";
				PRODUCT_NAME = ZDSyncDemo;
				TEST_HOST = "$(BUILT_PRODUCTS_DIR)/ZDSyncDemo.app/ZDSyncDemo";
			};
			name = Release;
		};
/* End XCBuildConfiguration section */

/* Begin XCConfigurationList section */
		BCAC9F961B93555100822B5E /* Build configuration list for PBXProject "ZDSyncDemo" */ = {
			isa = XCConfigurationList;
			buildConfigurations = (
				BCAC9FBC1B93555100822B5E /* Debug */,
				BCAC9FBD1B93555100822B5E /* Release */,
			);
			defaultConfigurationIsVisible = 0;
			defaultConfigurationName = Release;
		};
		BCAC9FBE1B93555100822B5E /* Build configuration list for PBXNativeTarget "ZDSyncDemo" */ = {
			isa = XCConfigurationList;
			buildConfigurations = (
				BCAC9FBF1B93555100822B5E /* Debug */,
				BCAC9FC01B93555100822B5E /* Release */,
			);
			defaultConfigurationIsVisible = 0;
			defaultConfigurationName = Release;
		};
		BCAC9FC11B93555100822B5E /* Build configuration list for PBXNativeTarget "ZDSyncDemoTests" */ = {
			isa = XCConfigurationList;
			buildConfigurations = (
				BCAC9FC21B93555100822B5E /* Debug */,
				BCAC9FC31B93555100822B5E /* Release */,
			);
			defaultConfigurationIsVisible = 0;
			defaultConfigurationName = Release;
		};
/* End XCConfigurationList section */
	};
	rootObject = BCAC9F931B93555100822B5E /* Project object */;
}
